{
    "_meta": {
        "hash": {
            "sha256": "3ab10c2e55922a299ca1ce92e8a9c0db91ceb47bafa283163dac4c62075ca430"
        },
        "pipfile-spec": 6,
        "requires": {
            "python_version": "3.6"
        },
        "sources": [
            {
                "name": "pypi",
                "url": "https://pypi.python.org/simple",
                "verify_ssl": true
            }
        ]
    },
    "default": {
        "attrs": {
            "hashes": [
                "sha256:4b90b09eeeb9b88c35bc642cbac057e45a5fd85367b985bd2809c62b7b939265",
                "sha256:e0d0eb91441a3b53dab4d9b743eafc1ac44476296a2053b6ca3af0b139faf87b"
            ],
            "version": "==18.1.0"
        },
        "blinker": {
            "hashes": [
                "sha256:471aee25f3992bd325afa3772f1063dbdbbca947a041b8b89466dc00d606f8b6"
            ],
            "version": "==1.4"
        },
        "btrees": {
            "hashes": [
                "sha256:0b100e41ad3a0d16b8f07794af14acaf92b87ff5f4f1d942dc50f3f8105b2e67",
                "sha256:147d3fd20c18200223c6c56316f352668858046afbd834dae464b7f73bedd53a",
                "sha256:1b00572984986159db187a9d6cec3bcf48362d4162e72f53a3df362c53254c54",
                "sha256:241cc088bc81c3977b7deb9b2f2239b82da814676affe6248d6df51744bc94fe",
                "sha256:37e1529d3bd3257fa6b724383fef1a3420b16e2e3ce7d97b32cd7a8d5d3020af",
                "sha256:399090e43c9ebf525a5cdced8fac18da3243cd78382333eae431ef3b2a6ae219",
                "sha256:46b02cb69b26a5238db771ea1955b503df73ecf254bb8063af4c61999fc75b5c",
                "sha256:4986f7ea25013e0370d88a4699490f83da92745705001b3d619de7d9600edc66",
                "sha256:4996f282254bc30ab3855df4b757a675d043edf069368ac8e9ac1fadcaebb89b",
                "sha256:4c77eed4ae3e182de559296893ae00b8da3201d51c51751787b53b34ac3b1a79",
                "sha256:5e1831187360b78cc05d906e17944bef21583a1541506a26af3b6f25baaab208",
                "sha256:64d655824d654d54021d65795e7c9d6f5d21a2427199c7dc0a25d259801f90f1",
                "sha256:71235ac01a2f7989bce49f9bb9c0b43e5f19a3dbc2df51ad646950ee541b99a8",
                "sha256:7f9dc2e73c46df0ece533bf432c1d54816eb94d3c7cd14e05c53a78addf61898",
                "sha256:81039fb3060434036776da02b38b4b0872589377a873f432dad20f0c44f47f3c",
                "sha256:888c016774630b7be2339888df1d0e7c91e1e0139e1b9ec80309feb1fc6fd9ec",
                "sha256:895e5d173dd77989d8b9b9649e01a2509c6553ca3820c15f058e129fcbdab88c",
                "sha256:8fcf0a87057c2558e5456aba6094ba3cf8a3641484608dbe86e7573d23e98b91",
                "sha256:a80c5f14eac095502b5ba6adfdbea7a891dc5d761efeef75d11c2dbed7a9e5f0",
                "sha256:acfdd66a3db6753cec1a06345fbef27b4cc592e269dfc162fa1f881230d1addc",
                "sha256:b47db60a25cea6af29869e0a923705df71079137a99c9061008768c399ec4cd4",
                "sha256:c8bf40f9f3078d373e71042198fefdd0588775df5f5e5a97525f2c32d0653c43",
                "sha256:df8a059fc7c43ae34c47806be00021432988efdc8b24e8422fa6a785c9c78150"
            ],
            "version": "==4.5.0"
        },
        "certifi": {
            "hashes": [
                "sha256:13e698f54293db9f89122b0581843a782ad0934a4fe0172d2a980ba77fc61bb7",
                "sha256:9fa520c1bacfb634fa7af20a76bcbd3d5fb390481724c597da32c719a7dca4b0"
            ],
            "version": "==2018.4.16"
        },
        "chardet": {
            "hashes": [
                "sha256:84ab92ed1c4d4f16916e05906b6b75a6c0fb5db821cc65e70cbd64a3e2a5eaae",
                "sha256:fc323ffcaeaed0e0a02bf4d117757b98aed530d9ed4531e3e15460124c106691"
            ],
            "version": "==3.0.4"
        },
        "click": {
            "hashes": [
                "sha256:29f99fc6125fbc931b758dc053b3114e55c77a6e4c6c3a2674a2dc986016381d",
                "sha256:f15516df478d5a56180fbf80e68f206010e6d160fc39fa508b65e035fd75130b"
            ],
            "version": "==6.7"
        },
        "colorama": {
            "hashes": [
                "sha256:463f8483208e921368c9f306094eb6f725c6ca42b0f97e313cb5d5512459feda",
                "sha256:48eb22f4f8461b1df5734a074b57042430fb06e1d61bd1e11b078c0fe6d7a1f1"
            ],
            "markers": "sys_platform == 'win32'",
            "version": "==0.3.9"
        },
        "coverage": {
            "hashes": [
                "sha256:03481e81d558d30d230bc12999e3edffe392d244349a90f4ef9b88425fac74ba",
                "sha256:0b136648de27201056c1869a6c0d4e23f464750fd9a9ba9750b8336a244429ed",
                "sha256:104ab3934abaf5be871a583541e8829d6c19ce7bde2923b2751e0d3ca44db60a",
                "sha256:15b111b6a0f46ee1a485414a52a7ad1d703bdf984e9ed3c288a4414d3871dcbd",
                "sha256:198626739a79b09fa0a2f06e083ffd12eb55449b5f8bfdbeed1df4910b2ca640",
                "sha256:1c383d2ef13ade2acc636556fd544dba6e14fa30755f26812f54300e401f98f2",
                "sha256:28b2191e7283f4f3568962e373b47ef7f0392993bb6660d079c62bd50fe9d162",
                "sha256:2eb564bbf7816a9d68dd3369a510be3327f1c618d2357fa6b1216994c2e3d508",
                "sha256:337ded681dd2ef9ca04ef5d93cfc87e52e09db2594c296b4a0a3662cb1b41249",
                "sha256:3a2184c6d797a125dca8367878d3b9a178b6fdd05fdc2d35d758c3006a1cd694",
                "sha256:3c79a6f7b95751cdebcd9037e4d06f8d5a9b60e4ed0cd231342aa8ad7124882a",
                "sha256:3d72c20bd105022d29b14a7d628462ebdc61de2f303322c0212a054352f3b287",
                "sha256:3eb42bf89a6be7deb64116dd1cc4b08171734d721e7a7e57ad64cc4ef29ed2f1",
                "sha256:4635a184d0bbe537aa185a34193898eee409332a8ccb27eea36f262566585000",
                "sha256:56e448f051a201c5ebbaa86a5efd0ca90d327204d8b059ab25ad0f35fbfd79f1",
                "sha256:5a13ea7911ff5e1796b6d5e4fbbf6952381a611209b736d48e675c2756f3f74e",
                "sha256:69bf008a06b76619d3c3f3b1983f5145c75a305a0fea513aca094cae5c40a8f5",
                "sha256:6bc583dc18d5979dc0f6cec26a8603129de0304d5ae1f17e57a12834e7235062",
                "sha256:701cd6093d63e6b8ad7009d8a92425428bc4d6e7ab8d75efbb665c806c1d79ba",
                "sha256:7608a3dd5d73cb06c531b8925e0ef8d3de31fed2544a7de6c63960a1e73ea4bc",
                "sha256:76ecd006d1d8f739430ec50cc872889af1f9c1b6b8f48e29941814b09b0fd3cc",
                "sha256:7aa36d2b844a3e4a4b356708d79fd2c260281a7390d678a10b91ca595ddc9e99",
                "sha256:7d3f553904b0c5c016d1dad058a7554c7ac4c91a789fca496e7d8347ad040653",
                "sha256:7e1fe19bd6dce69d9fd159d8e4a80a8f52101380d5d3a4d374b6d3eae0e5de9c",
                "sha256:8c3cb8c35ec4d9506979b4cf90ee9918bc2e49f84189d9bf5c36c0c1119c6558",
                "sha256:9d6dd10d49e01571bf6e147d3b505141ffc093a06756c60b053a859cb2128b1f",
                "sha256:9e112fcbe0148a6fa4f0a02e8d58e94470fc6cb82a5481618fea901699bf34c4",
                "sha256:ac4fef68da01116a5c117eba4dd46f2e06847a497de5ed1d64bb99a5fda1ef91",
                "sha256:b8815995e050764c8610dbc82641807d196927c3dbed207f0a079833ffcf588d",
                "sha256:be6cfcd8053d13f5f5eeb284aa8a814220c3da1b0078fa859011c7fffd86dab9",
                "sha256:c1bb572fab8208c400adaf06a8133ac0712179a334c09224fb11393e920abcdd",
                "sha256:de4418dadaa1c01d497e539210cb6baa015965526ff5afc078c57ca69160108d",
                "sha256:e05cb4d9aad6233d67e0541caa7e511fa4047ed7750ec2510d466e806e0255d6",
                "sha256:e4d96c07229f58cb686120f168276e434660e4358cc9cf3b0464210b04913e77",
                "sha256:f3f501f345f24383c0000395b26b726e46758b71393267aeae0bd36f8b3ade80",
                "sha256:f8a923a85cb099422ad5a2e345fe877bbc89a8a8b23235824a93488150e45f6e"
            ],
            "version": "==4.5.1"
        },
        "flask": {
            "hashes": [
                "sha256:2271c0070dbcb5275fad4a82e29f23ab92682dc45f9dfbc22c02ba9b9322ce48",
                "sha256:a080b744b7e345ccfcbc77954861cb05b3c63786e93f2b3875e0913d44b43f05"
            ],
            "version": "==1.0.2"
        },
        "flask-cors": {
            "hashes": [
                "sha256:a1bb895b3e98b4325743149ebe0e3a0652537b8e37854f942bde7843f822f129",
                "sha256:bec996f0603a0693c0ea63c8126e5f8e966bb679cf82e6104b254e9c7f3a7d08"
            ],
            "version": "==3.0.4"
        },
        "flask-login": {
            "hashes": [
                "sha256:c815c1ac7b3e35e2081685e389a665f2c74d7e077cb93cecabaea352da4752ec"
            ],
            "version": "==0.4.1"
        },
        "flask-mail": {
            "hashes": [
                "sha256:22e5eb9a940bf407bcf30410ecc3708f3c56cc44b29c34e1726fe85006935f41"
            ],
            "version": "==0.9.1"
        },
        "flask-wtf": {
            "hashes": [
                "sha256:5d14d55cfd35f613d99ee7cba0fc3fbbe63ba02f544d349158c14ca15561cc36",
                "sha256:d9a9e366b32dcbb98ef17228e76be15702cd2600675668bca23f63a7947fd5ac"
            ],
            "version": "==0.14.2"
        },
        "funcsigs": {
            "hashes": [
                "sha256:330cc27ccbf7f1e992e69fef78261dc7c6569012cf397db8d3de0234e6c937ca",
                "sha256:a7bb0f2cf3a3fd1ab2732cb49eba4252c2af4240442415b4abce3b87022a8f50"
            ],
            "markers": "python_version < '3.0'",
            "version": "==1.0.2"
        },
        "idna": {
            "hashes": [
                "sha256:2c6a5de3089009e3da7c5dde64a141dbc8551d5b7f6cf4ed7c2568d0cc520a8f",
                "sha256:8c7309c718f94b3a625cb648ace320157ad16ff131ae0af362c9f21b80ef6ec4"
            ],
            "version": "==2.6"
        },
        "itsdangerous": {
            "hashes": [
                "sha256:cbb3fcf8d3e33df861709ecaf89d9e6629cff0a217bc2848f1b41cd30d360519"
            ],
            "version": "==0.24"
        },
        "jinja2": {
            "hashes": [
                "sha256:74c935a1b8bb9a3947c50a54766a969d4846290e1e788ea44c1392163723c3bd",
                "sha256:f84be1bb0040caca4cea721fcbbbbd61f9be9464ca236387158b0feea01914a4"
            ],
            "version": "==2.10"
        },
        "markupsafe": {
            "hashes": [
                "sha256:a6be69091dac236ea9c6bc7d012beab42010fa914c459791d627dad4910eb665"
            ],
            "version": "==1.0"
        },
        "more-itertools": {
            "hashes": [
                "sha256:0dd8f72eeab0d2c3bd489025bb2f6a1b8342f9b198f6fc37b52d15cfa4531fea",
                "sha256:11a625025954c20145b37ff6309cd54e39ca94f72f6bb9576d1195db6fa2442e",
                "sha256:c9ce7eccdcb901a2c75d326ea134e0886abfbea5f93e91cc95de9507c0816c44"
            ],
            "version": "==4.1.0"
        },
        "multi-indexed-collection": {
            "hashes": [
                "sha256:839ea5da5770ed89eaac735133cf208d6a3f7b695dfaf7194bc0a4759950964e",
                "sha256:b831b1d54e46a20b33fdd0d2838823917e04c1e9523629dd741fa45c71b35ed9"
            ],
            "version": "==1.1.0"
        },
        "ordered-set": {
            "hashes": [
                "sha256:942cad5d7d5b0760d5cbe93dfb385ac2ed402ca1d48c9f4e102d7d5cce3a90eb"
            ],
            "version": "==2.0.2"
        },
        "persistent": {
            "hashes": [
                "sha256:1d01c21746a5583c025800a312815c61ca1010a4b39f2b5e072f5b8edbee27df",
                "sha256:26060716176a6fe0e1459f06c7d165950a0caca9793b2a511ad6b054d7d154ff",
                "sha256:2890566acc8dd8e08407e119ea926fa41ca71f3fe83918303bc86f895e588f65",
                "sha256:2d5e67ee369610f3198b566b3bae22436248bc42d51d3e283662b60defe568f2",
                "sha256:3190e88b9717e8368e4f6b82a706cdb475ebbdc499023c9a0f1967de4e08f902",
                "sha256:46d62295a2ee2ed3eefccef5d47d21fc616a6c1113ee1f6063c9b8061abb84d0",
                "sha256:4766d57e225b5b6c2a120c80de2e383dec05daaf0406ceb8cde0cc94524e6eae",
                "sha256:4a6b9c1ee2bb220197be8847f331d714a5a0ad63ce5b86cb29bc7fa77d7e7a41",
                "sha256:4eb5be9f1318883ab71110a3c1844a08d5bbdf52428f2c7dec382ae83938d90c",
                "sha256:52c751883ab367b4b150a3ec7b85847c18f9d0b64891b7426e851d3b46f1bbe0",
                "sha256:56a1f80dd89cfd0e9cf90cf8034653a218ae996f09f9c23ad0050aafb45dde7c",
                "sha256:59a9f2b3baab9bfc4780325b01f4136064411f008b07bfdc9a5100c7cd6c1404",
                "sha256:7fe9f29b3cdeb528013692870f94d89bf2a6492a78ba07a0cda204f1fd133b7b",
                "sha256:864113a235652a01f5c453ace560683688539a50706c6cfac920d610658794dc",
                "sha256:8aed3d08a9f4935fbf46d50cc6865cec0075040b53df2d2a76f5f9512c8bb05f",
                "sha256:90afcfa3b2d1f91635fcb161091f509fb345237dae6cdc98f8215e829d1c932f",
                "sha256:994be774f65669ebea6429017aeea0e98627a2b830745378e160d3320873c226",
                "sha256:9dff9299be1e486ab4cb89a6eddb07d0fb6176be230a6b62094acf1e40f0cd19",
                "sha256:a55bfeb2977364efee0687f3b7b9d3ec83c2fe65018e26938ed0386717d47bc1",
                "sha256:a5f70dffa8d252ac2f0cc7c5b86f4db32bedeee8c413b9e2289921d103217370",
                "sha256:b4b8d1e6e9eb68360b244cdaffa916aa60fde2b7881f9268adc7118291f77443",
                "sha256:bd05ab36bbffe099819135bbe8dd8b7da9f8eddbd2be50ee0250c504b8522604",
                "sha256:cc61af5e11ad4516773f6791ba8cee5c1085c2fd58b1d5d7ef54250fc46dc396",
                "sha256:cf264cd55866c7ffbcbe1328f8d8b28fd042a5dd0c03a03f68c0887df3aa1964",
                "sha256:d77a0c6139b3fcd32c684e1a23666c5076ea9fcf4c2eecc564b98d5254d930e0",
                "sha256:e91af0b256b9f593c28f95ad2422757c170120734aafbfda2402242ee120c18c",
                "sha256:ef28d3874e076cad9e1392ca33e1320da21dcfa33d6dfae804324fbb5c656724",
                "sha256:f1d3a571128391baacb844725dd7a7d355fdbf556434fc1a1b00b8edfc12bf50"
            ],
            "version": "==4.2.4.2"
        },
        "pluggy": {
            "hashes": [
                "sha256:7f8ae7f5bdf75671a718d2daf0a64b7885f74510bcd98b1a0bb420eb9a9d0cff",
                "sha256:d345c8fe681115900d6da8d048ba67c25df42973bda370783cd58826442dcd7c",
                "sha256:e160a7fcf25762bb60efc7e171d4497ff1d8d2d75a3d0df7a21b76821ecbf5c5"
            ],
            "version": "==0.6.0"
        },
        "pqdict": {
            "hashes": [
                "sha256:2e365b84b33f81bc4ed7029fcde3a1360deca74989ddacda68e7f907f01f0d85",
                "sha256:f9e50eefc7e2ea9f7623f8db14ccac91b6d264aa509f0341c99e582d2d02b413"
            ],
            "version": "==1.0.0"
        },
        "py": {
            "hashes": [
                "sha256:29c9fab495d7528e80ba1e343b958684f4ace687327e6f789a94bf3d1915f881",
                "sha256:983f77f3331356039fdd792e9220b7b8ee1aa6bd2b25f567a963ff1de5a64f6a"
            ],
            "version": "==1.5.3"
        },
        "pyjwt": {
            "hashes": [
                "sha256:bca523ef95586d3a8a5be2da766fe6f82754acba27689c984e28e77a12174593",
                "sha256:dacba5786fe3bf1a0ae8673874e29f9ac497860955c501289c63b15d3daae63a"
            ],
            "version": "==1.6.1"
        },
        "pytest": {
            "hashes": [
                "sha256:54713b26c97538db6ff0703a12b19aeaeb60b5e599de542e7fca0ec83b9038e8",
                "sha256:829230122facf05a5f81a6d4dfe6454a04978ea3746853b2b84567ecf8e5c526"
            ],
            "version": "==3.5.1"
        },
        "pytest-cov": {
            "hashes": [
                "sha256:03aa752cf11db41d281ea1d807d954c4eda35cfa1b21d6971966cc041bbf6e2d",
                "sha256:890fe5565400902b0c78b5357004aab1c814115894f4f21370e2433256a3eeec"
            ],
            "version": "==2.5.1"
        },
        "requests": {
            "hashes": [
                "sha256:6a1b267aa90cac58ac3a765d067950e7dbbf75b1da07e895d1f594193a40a38b",
                "sha256:9c443e7324ba5b85070c4a818ade28bfabedf16ea10206da1132edaa6dda237e"
            ],
            "version": "==2.18.4"
        },
        "six": {
            "hashes": [
                "sha256:70e8a77beed4562e7f14fe23a786b54f6296e34344c23bc42f07b15018ff98e9",
                "sha256:832dc0e10feb1aa2c68dcc57dbb658f1c7e65b9b61af69048abc87a2db00a0eb"
            ],
            "version": "==1.11.0"
        },
        "transaction": {
            "hashes": [
                "sha256:269601a3493cd3eddeb869419ceadfc5e6d2bc931e9970d11fc4649dab189c3c",
                "sha256:9de0f93f833713270fbceaf6092194313c1de0afb660e66dea8e089855eb281c",
                "sha256:f2242070e437e5d555ea3df809cb517860513254c828f33847df1c5e4b776c7a"
            ],
            "version": "==2.2.1"
        },
        "urllib3": {
            "hashes": [
                "sha256:06330f386d6e4b195fbfc736b297f58c5a892e4440e54d294d7004e3a9bbea1b",
                "sha256:cc44da8e1145637334317feebd728bd869a35285b93cbb4cca2577da7e62db4f"
            ],
            "version": "==1.22"
        },
        "werkzeug": {
            "hashes": [
                "sha256:c3fd7a7d41976d9f44db327260e263132466836cef6f91512889ed60ad26557c",
                "sha256:d5da73735293558eb1651ee2fddc4d0dedcfa06538b8813a2e20011583c9e49b"
            ],
            "version": "==0.14.1"
        },
        "wtforms": {
            "hashes": [
                "sha256:ffdf10bd1fa565b8233380cb77a304cd36fd55c73023e91d4b803c96bc11d46f"
            ],
            "version": "==2.1"
        },
        "zc.lockfile": {
            "hashes": [
                "sha256:96cb13769e042988ea25d23d44cf09342ea0f887083d0f9736968f3617665853"
            ],
            "version": "==1.3.0"
        },
        "zconfig": {
            "hashes": [
                "sha256:6c77f5658101ccd76f01592baa5dac563da36034a55d02d8ef616e690729c05d",
                "sha256:de0a802e5dfea3c0b3497ccdbe33a5023c4265f950f33e35dd4cf078d2a81b19"
            ],
            "version": "==3.2.0"
        },
        "zdaemon": {
            "hashes": [
                "sha256:ee7b118069e7e6a5ea93df8aabaa0b6549dff4414fda259d0efc036c5c73e1bf"
            ],
            "version": "==4.2.0"
        },
        "zeo": {
            "hashes": [
                "sha256:4c1a9fc01114382e58b7ae21135fe0c222f214bf680ad073d5fdccaaaccd6e57"
            ],
            "version": "==5.2.0"
        },
        "zodb": {
            "hashes": [
                "sha256:0b306042f4f0d558a477d65c34b0dd6e7604c6e583f55dfda52befa2fa13e076"
            ],
            "version": "==5.4.0"
        },
        "zodbpickle": {
            "hashes": [
                "sha256:04e6eca53b6e7f562ff7c53415fbdf277166f89f254b5d341db1bcc1f7f0b770",
                "sha256:0a9788a37979715cfa98052e37d6ee1880463aa0fba635caf2ec64b6fdbd2e4a",
                "sha256:1397a43cf7ad7f5c9b75cf30df9232b0f03a4d74154ee344afc5e09331a3b3a1",
                "sha256:1f93b692fcc4dfa20a06e40f4b24e587fb0dd9c00834fac295ee73e1c2623090",
                "sha256:2261f0f4958c48ba81e30e144f5a0ac937452200c2bf375489c38f0343f45902",
                "sha256:23228cf8c33c6955ab215324c84688e82848c2669a06e1b1656b4facfff81fe0",
                "sha256:33e6066759f4c462baf3a65e41095c0d93751f2817d19874405d3b2094ff9108",
                "sha256:3af9169fb1d5901cf6693ab356b0dfda20ad2cacc5673fad59b4449ed50d5399",
                "sha256:4ce6982ec92a85dd0af89671bf0252a7f7259f762d9fd5ec4bec0049309129a2",
                "sha256:60bf75ac7efa1ab6d72b5460e86cb69979599f828f60175c1a8f05dda0e6184a",
                "sha256:87c23cba15329957ff867471b8eef9c0b2174c40f61a6978d20a71f4c524d875",
                "sha256:87f0467e944101a7dcd674b43a33a10d4f58b61fffcb9ac0efd2453726fd0309",
                "sha256:8f22db458f3b682b1ed4a89e4f825cadbc278ce89b0915ed25d05b841630c86d",
                "sha256:95fbaac0639f1d29008d09fd5eb421a8dbc87e5e4e282729772250866a028c52",
                "sha256:96dce0fb50d4f9ae64fe289826904ea851fd7f5d30597296ca5fb0a69396c0be",
                "sha256:9fb4630ac7893fc97f69c8069577d90a84974f96d2dcdb2c067c0698f232c02d",
                "sha256:a31b82d1df4f34587f4c4be22165be00f0ec04e8818d8806169f28c0fd1adf11",
                "sha256:abc02cb2adbdad9c64f03b9e3195cb118a3a2239139757dbb88d5693cd113d54",
                "sha256:bcf7ecef9a5966facc3a3823ce2ca022d6289b3646860fc47260e55038e9d321",
                "sha256:c259e38812691512a0b11d96ffc81e9ad3c78cbb9e37d2faf19ad5ce18870e4b",
                "sha256:e781b3b33aef6e667725fcf4365d4422248e8eae9ea394006ace9d65e2c99ff8",
                "sha256:efdd2589aab15cbed8bbe8958552dc9a2ceeb178d138217bfa6db6012847b4ed",
                "sha256:f14109e4c3c5353cc1926e4a0b7a9fda74731e2ea98320701ab69e0b9787a424"
            ],
            "version": "==1.0"
        },
        "zope.interface": {
            "hashes": [
                "sha256:21506674d30c009271fe68a242d330c83b1b9d76d62d03d87e1e9528c61beea6",
                "sha256:3d184aff0756c44fff7de69eb4cd5b5311b6f452d4de28cb08343b3f21993763",
                "sha256:467d364b24cb398f76ad5e90398d71b9325eb4232be9e8a50d6a3b3c7a1c8789",
                "sha256:57c38470d9f57e37afb460c399eb254e7193ac7fb8042bd09bdc001981a9c74c",
                "sha256:9ada83f4384bbb12dedc152bcdd46a3ac9f5f7720d43ac3ce3e8e8b91d733c10",
                "sha256:a1daf9c5120f3cc6f2b5fef8e1d2a3fb7bbbb20ed4bfdc25bc8364bc62dcf54b",
                "sha256:e6b77ae84f2b8502d99a7855fa33334a1eb6159de45626905cb3e454c023f339",
                "sha256:e881ef610ff48aece2f4ee2af03d2db1a146dc7c705561bd6089b2356f61641f",
                "sha256:f41037260deaacb875db250021fe883bf536bf6414a4fd25b25059b02e31b120"
            ],
            "version": "==4.5.0"
        }
    },
    "develop": {
        "apipkg": {
            "hashes": [
                "sha256:2e38399dbe842891fe85392601aab8f40a8f4cc5a9053c326de35a1cc0297ac6",
                "sha256:65d2aa68b28e7d31233bb2ba8eb31cda40e4671f8ac2d6b241e358c9652a74b9"
            ],
            "version": "==1.4"
        },
        "attrs": {
            "hashes": [
                "sha256:4b90b09eeeb9b88c35bc642cbac057e45a5fd85367b985bd2809c62b7b939265",
                "sha256:e0d0eb91441a3b53dab4d9b743eafc1ac44476296a2053b6ca3af0b139faf87b"
            ],
            "version": "==18.1.0"
        },
        "click": {
            "hashes": [
                "sha256:29f99fc6125fbc931b758dc053b3114e55c77a6e4c6c3a2674a2dc986016381d",
                "sha256:f15516df478d5a56180fbf80e68f206010e6d160fc39fa508b65e035fd75130b"
            ],
            "version": "==6.7"
        },
        "colorama": {
            "hashes": [
                "sha256:463f8483208e921368c9f306094eb6f725c6ca42b0f97e313cb5d5512459feda",
                "sha256:48eb22f4f8461b1df5734a074b57042430fb06e1d61bd1e11b078c0fe6d7a1f1"
            ],
            "markers": "sys_platform == 'win32'",
            "version": "==0.3.9"
        },
        "enum34": {
            "hashes": [
                "sha256:2d81cbbe0e73112bdfe6ef8576f2238f2ba27dd0d55752a776c41d38b7da2850",
                "sha256:644837f692e5f550741432dd3f223bbb9852018674981b1664e5dc339387588a",
                "sha256:6bd0f6ad48ec2aa117d3d141940d484deccda84d4fcd884f5c3d93c23ecd8c79",
                "sha256:8ad8c4783bf61ded74527bffb48ed9b54166685e4230386a9ed9b1279e2df5b1"
            ],
            "markers": "python_version < '3.4'",
            "version": "==1.1.6"
        },
        "execnet": {
            "hashes": [
                "sha256:a7a84d5fa07a089186a329528f127c9d73b9de57f1a1131b82bb5320ee651f6a",
                "sha256:fc155a6b553c66c838d1a22dba1dc9f5f505c43285a878c6f74a79c024750b83"
            ],
            "version": "==1.5.0"
        },
        "flask": {
            "hashes": [
                "sha256:2271c0070dbcb5275fad4a82e29f23ab92682dc45f9dfbc22c02ba9b9322ce48",
                "sha256:a080b744b7e345ccfcbc77954861cb05b3c63786e93f2b3875e0913d44b43f05"
            ],
            "version": "==1.0.2"
        },
        "funcsigs": {
            "hashes": [
                "sha256:330cc27ccbf7f1e992e69fef78261dc7c6569012cf397db8d3de0234e6c937ca",
                "sha256:a7bb0f2cf3a3fd1ab2732cb49eba4252c2af4240442415b4abce3b87022a8f50"
            ],
            "markers": "python_version < '3.0'",
            "version": "==1.0.2"
        },
        "glob2": {
            "hashes": [
                "sha256:f5b0a686ff21f820c4d3f0c4edd216704cea59d79d00fa337e244a2f2ff83ed6"
            ],
            "version": "==0.6"
        },
        "itsdangerous": {
            "hashes": [
                "sha256:cbb3fcf8d3e33df861709ecaf89d9e6629cff0a217bc2848f1b41cd30d360519"
            ],
            "version": "==0.24"
        },
        "jinja2": {
            "hashes": [
                "sha256:74c935a1b8bb9a3947c50a54766a969d4846290e1e788ea44c1392163723c3bd",
                "sha256:f84be1bb0040caca4cea721fcbbbbd61f9be9464ca236387158b0feea01914a4"
            ],
            "version": "==2.10"
        },
        "mako": {
            "hashes": [
                "sha256:4e02fde57bd4abb5ec400181e4c314f56ac3e49ba4fb8b0d50bba18cb27d25ae"
            ],
            "version": "==1.0.7"
        },
        "markupsafe": {
            "hashes": [
                "sha256:a6be69091dac236ea9c6bc7d012beab42010fa914c459791d627dad4910eb665"
            ],
            "version": "==1.0"
        },
        "more-itertools": {
            "hashes": [
                "sha256:0dd8f72eeab0d2c3bd489025bb2f6a1b8342f9b198f6fc37b52d15cfa4531fea",
                "sha256:11a625025954c20145b37ff6309cd54e39ca94f72f6bb9576d1195db6fa2442e",
                "sha256:c9ce7eccdcb901a2c75d326ea134e0886abfbea5f93e91cc95de9507c0816c44"
            ],
            "version": "==4.1.0"
        },
        "ordereddict": {
            "hashes": [
                "sha256:1c35b4ac206cef2d24816c89f89cf289dd3d38cf7c449bb3fab7bf6d43f01b1f"
            ],
            "markers": "python_version < '2.7'",
            "version": "==1.1"
        },
        "parse": {
            "hashes": [
                "sha256:8048dde3f5ca07ad7ac7350460952d83b63eaacecdac1b37f45fd74870d849d2"
            ],
            "version": "==1.8.2"
        },
        "parse-type": {
            "hashes": [
                "sha256:6e906a66f340252e4c324914a60d417d33a4bea01292ea9bbf68b4fc123be8c9",
                "sha256:f596bdc75d3dd93036fbfe3d04127da9f6df0c26c36e01e76da85adef4336b3c"
            ],
            "version": "==0.4.2"
        },
        "pluggy": {
            "hashes": [
                "sha256:7f8ae7f5bdf75671a718d2daf0a64b7885f74510bcd98b1a0bb420eb9a9d0cff",
                "sha256:d345c8fe681115900d6da8d048ba67c25df42973bda370783cd58826442dcd7c",
                "sha256:e160a7fcf25762bb60efc7e171d4497ff1d8d2d75a3d0df7a21b76821ecbf5c5"
            ],
            "version": "==0.6.0"
        },
        "py": {
            "hashes": [
                "sha256:29c9fab495d7528e80ba1e343b958684f4ace687327e6f789a94bf3d1915f881",
                "sha256:983f77f3331356039fdd792e9220b7b8ee1aa6bd2b25f567a963ff1de5a64f6a"
            ],
            "version": "==1.5.3"
        },
        "pytest": {
            "hashes": [
                "sha256:54713b26c97538db6ff0703a12b19aeaeb60b5e599de542e7fca0ec83b9038e8",
                "sha256:829230122facf05a5f81a6d4dfe6454a04978ea3746853b2b84567ecf8e5c526"
            ],
            "version": "==3.5.1"
        },
        "pytest-bdd": {
            "hashes": [
                "sha256:1420bafbba5a3fe3182b553beb28bc5ab68f0e438fa4369b4f0f590a7f18177f"
            ],
            "version": "==2.21.0"
        },
        "pytest-env": {
            "hashes": [
                "sha256:7e94956aef7f2764f3c147d216ce066bf6c42948bb9e293169b1b1c880a580c2"
            ],
            "version": "==0.6.2"
        },
        "pytest-flask": {
            "hashes": [
                "sha256:2c5a36f9033ef8b6f85ddbefaebdd4f89197fc283f94b20dfe1a1beba4b77f03",
                "sha256:657c7de386215ab0230bee4d76ace0339ae82fcbb34e134e17a29f65032eef03"
            ],
            "version": "==0.10.0"
        },
        "pytest-forked": {
            "hashes": [
                "sha256:e4500cd0509ec4a26535f7d4112a8cc0f17d3a41c29ffd4eab479d2a55b30805",
                "sha256:f275cb48a73fc61a6710726348e1da6d68a978f0ec0c54ece5a5fae5977e5a08"
            ],
            "version": "==0.2"
        },
        "pytest-localserver": {
            "hashes": [
                "sha256:a72af60a1ec8f73668a7884c86baf1fbe48394573cb4fa36709887217736c021"
            ],
            "version": "==0.4.1"
        },
        "pytest-random-order": {
            "hashes": [
                "sha256:44cd0e1ae035d91b927f61a4c23c7949d295e57958d168f2e950b1d322089def"
            ],
            "version": "==0.7.0"
        },
        "pytest-splinter": {
            "hashes": [
                "sha256:3435a97e161532c947624583369177cff6cd2c39e017ee3493ca9b95cb0375ee"
            ],
            "version": "==1.8.5"
        },
        "pytest-xdist": {
            "hashes": [
                "sha256:be2662264b035920ba740ed6efb1c816a83c8a22253df7766d129f6a7bfdbd35",
                "sha256:e8f5744acc270b3e7d915bdb4d5f471670f049b6fbd163d4cbd52203b075d30f"
            ],
            "version": "==1.22.2"
        },
        "selenium": {
            "hashes": [
                "sha256:1372101ad23798462038481f92ba1c7fab8385c788b05da6b44318f10ea52422",
                "sha256:b8a2630fd858636c894960726ca3c94d8277e516ea3a9d81614fb819a5844764"
            ],
            "version": "==3.12.0"
        },
        "six": {
            "hashes": [
                "sha256:70e8a77beed4562e7f14fe23a786b54f6296e34344c23bc42f07b15018ff98e9",
                "sha256:832dc0e10feb1aa2c68dcc57dbb658f1c7e65b9b61af69048abc87a2db00a0eb"
            ],
            "version": "==1.11.0"
        },
        "splinter": {
            "hashes": [
                "sha256:463e98135a85ff98f6c0084cb34cea1fe07827444958d224c087a84093a65281"
            ],
            "version": "==0.8.0"
        },
        "werkzeug": {
            "hashes": [
                "sha256:c3fd7a7d41976d9f44db327260e263132466836cef6f91512889ed60ad26557c",
                "sha256:d5da73735293558eb1651ee2fddc4d0dedcfa06538b8813a2e20011583c9e49b"
            ],
            "version": "==0.14.1"
        }
    }
}
