{
    "_meta": {
        "hash": {
            "sha256": "cebc5dbfba3fdc38eef9c82161227f5cd2699e16bf6edff70f4446405d639ede"
        },
        "pipfile-spec": 6,
        "requires": {
            "python_version": "3.6"
        },
        "sources": [
            {
                "name": "pypi",
                "url": "https://pypi.python.org/simple",
                "verify_ssl": true
            }
        ]
    },
    "default": {
        "btrees": {
            "hashes": [
                "sha256:08084a81352b36706a784e6c1f10c13038bce757ea17e6ea8c7d8f7e7edfa5cf",
                "sha256:0bdef3157a07841e36fe7d75705bdf7134940b98de381a54f7b810b60ccab0e5",
                "sha256:1069d952c08b74128e7126f335f5cc50408f9f13bb2f7e4e220068590ad0f040",
                "sha256:109f2198511212afc43617b29e2f7460aed29c4701c2d54373c9ffc9dc76cf4b",
                "sha256:168323aa8f2d0a80bfb50a3738123a1d02a0fe6b038968101f6698d34e140de6",
                "sha256:1b795120f29c3958f922919a3c70e367035899cfbd584e6bac44715afa4ec318",
                "sha256:1b9d0db2400a7e4684d25e114d9f82f1b695ae9afb286b1ecdee394854c85c91",
                "sha256:1ef2e856c1a48125d5bef039bf1325bc4325c16f154d3a9e7d08261323194230",
                "sha256:2a6736983ab21e7953170b8505f45aec21065fb615349c3cbe2291246265c57a",
                "sha256:2cc59fcfe033bcda1911a2763703e905efd4d3b4ffe42fa82846fc4993343f34",
                "sha256:2e1faf4836347a4a1ed0f6d30098587d0347f4402691528c52bbf341d454a7be",
                "sha256:3214f6b57ebcc5fe399974b796258149e350cd5aa833a35d6da0c76356197abb",
                "sha256:3448464a5174b38424679e4037a2c9ccf27245a33131926fc08163e972ac5fb3",
                "sha256:3af2e6011b450cc4dac84269eea62bbe1bf3356fb772069089f870c98d2fb23e",
                "sha256:3c0fe7af19d8d82080a1c299c7d6cbe6acb7236edec90e7fad14dfaed253026a",
                "sha256:3e840b7f44f24717301a86074df97906852c5c318425eb5cf5b9ec5a71322cb2",
                "sha256:41274cda40ee36525bb4eda696f7b95e3e951927cdcb145e13a93d3dbb4e6d07",
                "sha256:49d163661f553c872e572e55ac9b7bd2ce85524eb0cd2cba6a64921d1cbf7028",
                "sha256:577eb3d88a20ad037cc71f005ea12da150a51cb40b2187337f7efb16587e344e",
                "sha256:5b0460eb196cf43d8ec3ea18b8d40a52d3a154ace555f7bb90975d41667c10b2",
                "sha256:5b1d3553a3fb788554cd9213b97ef0a0fa3ea38e61c931731c3576ad931e2c2a",
                "sha256:5c4a91917bb6c1bdf5f57faf12f9485448267ade3f9f841a0505d1a2f7583a5d",
                "sha256:5e74fd0103433944d30f7e1922e166c6374a1dcecff64cd70343a5f5adb5dc9e",
                "sha256:6d6ee07dd946e04013bdd59e0f7c330a99a079b88178bbc7d3c8cd6aadcbe656",
                "sha256:80ea9dcb3312c8907bda105a5015f9ddb7a33da9daafefd036b3049abe35bf0d",
                "sha256:819eef5996271cd770d6a7d394fbf64d9332e2dc151074947d1496dfee941b12",
                "sha256:8b14353ba690a78949bd021f15903ab50d0562a56dc01ae519826291554e5bc3",
                "sha256:8b84f5a256e6ffd220342c57609dce535839489f97581c34138dc1094456238e",
                "sha256:925c7e962b02d96e4596196802e204b3391bf907156f4f7e16f3a48240c04e00",
                "sha256:9fd0a17c966c03ad5737d97007604e2ce56e056fc9aa4fdf88603cc8d0fc22ae",
                "sha256:a2738b71693971c1f7502888d649bef270c65f026db731e03d53f1ec4edfe8a3",
                "sha256:a6fe1c1183691def4c607c15cc38bc8068afd87c3e59649204afd055d1b61d63",
                "sha256:ae64bd927ec972a2bc66264366839ce0d478b6fa732ba86d9b413205db7b9dea",
                "sha256:befd2a0ad050197a5eaeae8f6aaad0d74168a3fb3bd3959261327a1700f6a9d5",
                "sha256:cfc0b7713a54eb5efacbdc56bdd1abc72aa7f6964bcabd6b6f9c9e08090f4cce",
                "sha256:d2f3b0ed1cc4f6697e45fe06814529ddc27d7fc4f58faf9c338c4e2cf02105fd",
                "sha256:d418079bb190a790eebb5b30fe542b3540c2bb4a950298cb5c8391a93b0eea2d",
                "sha256:de0e5f220b9189ab174d9a81b5dee4759744944aef2cafcdc0f20a682b7f4507",
                "sha256:de9baec90548d86a9f0f58d934c1c962d830d34e1b80d2436432a75f38f0e478",
                "sha256:e0c0325d39abd6b14358bf3698c0beb6c9877869f433cb5d82bd0f91d201310f",
                "sha256:e1dbeb41084219800cf756116a347cbfb0cfada3e9b3d4affcd41b1e76fc43c4"
            ],
            "version": "==4.4.1"
        },
        "click": {
            "hashes": [
                "sha256:29f99fc6125fbc931b758dc053b3114e55c77a6e4c6c3a2674a2dc986016381d",
                "sha256:f15516df478d5a56180fbf80e68f206010e6d160fc39fa508b65e035fd75130b"
            ],
            "version": "==6.7"
        },
        "flask": {
            "hashes": [
                "sha256:0749df235e3ff61ac108f69ac178c9770caeaccad2509cb762ce1f65570a8856",
                "sha256:49f44461237b69ecd901cc7ce66feea0319b9158743dd27a2899962ab214dac1"
            ],
            "version": "==0.12.2"
        },
        "flask-login": {
            "hashes": [
                "sha256:c815c1ac7b3e35e2081685e389a665f2c74d7e077cb93cecabaea352da4752ec"
            ],
            "version": "==0.4.1"
        },
        "flask-wtf": {
            "hashes": [
                "sha256:5d14d55cfd35f613d99ee7cba0fc3fbbe63ba02f544d349158c14ca15561cc36",
                "sha256:d9a9e366b32dcbb98ef17228e76be15702cd2600675668bca23f63a7947fd5ac"
            ],
            "version": "==0.14.2"
        },
        "itsdangerous": {
            "hashes": [
                "sha256:cbb3fcf8d3e33df861709ecaf89d9e6629cff0a217bc2848f1b41cd30d360519"
            ],
            "version": "==0.24"
        },
        "jinja2": {
            "hashes": [
                "sha256:74c935a1b8bb9a3947c50a54766a969d4846290e1e788ea44c1392163723c3bd",
                "sha256:f84be1bb0040caca4cea721fcbbbbd61f9be9464ca236387158b0feea01914a4"
            ],
            "version": "==2.10"
        },
        "markupsafe": {
            "hashes": [
                "sha256:a6be69091dac236ea9c6bc7d012beab42010fa914c459791d627dad4910eb665"
            ],
            "version": "==1.0"
        },
        "multi-indexed-collection": {
            "hashes": [
                "sha256:839ea5da5770ed89eaac735133cf208d6a3f7b695dfaf7194bc0a4759950964e",
                "sha256:b831b1d54e46a20b33fdd0d2838823917e04c1e9523629dd741fa45c71b35ed9"
            ],
            "version": "==1.1.0"
        },
        "persistent": {
            "hashes": [
                "sha256:1d01c21746a5583c025800a312815c61ca1010a4b39f2b5e072f5b8edbee27df",
                "sha256:26060716176a6fe0e1459f06c7d165950a0caca9793b2a511ad6b054d7d154ff",
                "sha256:2890566acc8dd8e08407e119ea926fa41ca71f3fe83918303bc86f895e588f65",
                "sha256:2d5e67ee369610f3198b566b3bae22436248bc42d51d3e283662b60defe568f2",
                "sha256:3190e88b9717e8368e4f6b82a706cdb475ebbdc499023c9a0f1967de4e08f902",
                "sha256:46d62295a2ee2ed3eefccef5d47d21fc616a6c1113ee1f6063c9b8061abb84d0",
                "sha256:4766d57e225b5b6c2a120c80de2e383dec05daaf0406ceb8cde0cc94524e6eae",
                "sha256:4a6b9c1ee2bb220197be8847f331d714a5a0ad63ce5b86cb29bc7fa77d7e7a41",
                "sha256:4eb5be9f1318883ab71110a3c1844a08d5bbdf52428f2c7dec382ae83938d90c",
                "sha256:52c751883ab367b4b150a3ec7b85847c18f9d0b64891b7426e851d3b46f1bbe0",
                "sha256:56a1f80dd89cfd0e9cf90cf8034653a218ae996f09f9c23ad0050aafb45dde7c",
                "sha256:59a9f2b3baab9bfc4780325b01f4136064411f008b07bfdc9a5100c7cd6c1404",
                "sha256:7fe9f29b3cdeb528013692870f94d89bf2a6492a78ba07a0cda204f1fd133b7b",
                "sha256:864113a235652a01f5c453ace560683688539a50706c6cfac920d610658794dc",
                "sha256:8aed3d08a9f4935fbf46d50cc6865cec0075040b53df2d2a76f5f9512c8bb05f",
                "sha256:90afcfa3b2d1f91635fcb161091f509fb345237dae6cdc98f8215e829d1c932f",
                "sha256:994be774f65669ebea6429017aeea0e98627a2b830745378e160d3320873c226",
                "sha256:9dff9299be1e486ab4cb89a6eddb07d0fb6176be230a6b62094acf1e40f0cd19",
                "sha256:a55bfeb2977364efee0687f3b7b9d3ec83c2fe65018e26938ed0386717d47bc1",
                "sha256:a5f70dffa8d252ac2f0cc7c5b86f4db32bedeee8c413b9e2289921d103217370",
                "sha256:b4b8d1e6e9eb68360b244cdaffa916aa60fde2b7881f9268adc7118291f77443",
                "sha256:bd05ab36bbffe099819135bbe8dd8b7da9f8eddbd2be50ee0250c504b8522604",
                "sha256:cc61af5e11ad4516773f6791ba8cee5c1085c2fd58b1d5d7ef54250fc46dc396",
                "sha256:cf264cd55866c7ffbcbe1328f8d8b28fd042a5dd0c03a03f68c0887df3aa1964",
                "sha256:d77a0c6139b3fcd32c684e1a23666c5076ea9fcf4c2eecc564b98d5254d930e0",
                "sha256:e91af0b256b9f593c28f95ad2422757c170120734aafbfda2402242ee120c18c",
                "sha256:ef28d3874e076cad9e1392ca33e1320da21dcfa33d6dfae804324fbb5c656724",
                "sha256:f1d3a571128391baacb844725dd7a7d355fdbf556434fc1a1b00b8edfc12bf50"
            ],
            "version": "==4.2.4.2"
        },
        "six": {
            "hashes": [
                "sha256:70e8a77beed4562e7f14fe23a786b54f6296e34344c23bc42f07b15018ff98e9",
                "sha256:832dc0e10feb1aa2c68dcc57dbb658f1c7e65b9b61af69048abc87a2db00a0eb"
            ],
            "version": "==1.11.0"
        },
        "transaction": {
            "hashes": [
                "sha256:49db1c301a7d081842d4315389d213d1463f352751136d3128007df3e6e82122",
                "sha256:714d6883dfd5f41f454afce716c58bb59ba10af3d23562b5be781cbbd6fb5100"
            ],
            "version": "==2.2.0"
        },
        "werkzeug": {
            "hashes": [
                "sha256:c3fd7a7d41976d9f44db327260e263132466836cef6f91512889ed60ad26557c",
                "sha256:d5da73735293558eb1651ee2fddc4d0dedcfa06538b8813a2e20011583c9e49b"
            ],
            "version": "==0.14.1"
        },
        "wtforms": {
            "hashes": [
                "sha256:ffdf10bd1fa565b8233380cb77a304cd36fd55c73023e91d4b803c96bc11d46f"
            ],
            "version": "==2.1"
        },
        "zc.lockfile": {
            "hashes": [
                "sha256:11db91ada7f22fe8aae268d4bfdeae012c4fe655f66bbb315b00822ec00d043e"
            ],
            "version": "==1.2.1"
        },
        "zconfig": {
            "hashes": [
                "sha256:6c77f5658101ccd76f01592baa5dac563da36034a55d02d8ef616e690729c05d",
                "sha256:de0a802e5dfea3c0b3497ccdbe33a5023c4265f950f33e35dd4cf078d2a81b19"
            ],
            "version": "==3.2.0"
        },
        "zodb": {
            "hashes": [
                "sha256:633c2f89481d8ebc55639b59216f7d16d07b44a94758850c0b887006967214f3"
            ],
            "version": "==5.3.0"
        },
        "zodbpickle": {
            "hashes": [
                "sha256:04e6eca53b6e7f562ff7c53415fbdf277166f89f254b5d341db1bcc1f7f0b770",
                "sha256:0a9788a37979715cfa98052e37d6ee1880463aa0fba635caf2ec64b6fdbd2e4a",
                "sha256:1397a43cf7ad7f5c9b75cf30df9232b0f03a4d74154ee344afc5e09331a3b3a1",
                "sha256:1f93b692fcc4dfa20a06e40f4b24e587fb0dd9c00834fac295ee73e1c2623090",
                "sha256:2261f0f4958c48ba81e30e144f5a0ac937452200c2bf375489c38f0343f45902",
                "sha256:23228cf8c33c6955ab215324c84688e82848c2669a06e1b1656b4facfff81fe0",
                "sha256:33e6066759f4c462baf3a65e41095c0d93751f2817d19874405d3b2094ff9108",
                "sha256:3af9169fb1d5901cf6693ab356b0dfda20ad2cacc5673fad59b4449ed50d5399",
                "sha256:4ce6982ec92a85dd0af89671bf0252a7f7259f762d9fd5ec4bec0049309129a2",
                "sha256:60bf75ac7efa1ab6d72b5460e86cb69979599f828f60175c1a8f05dda0e6184a",
                "sha256:87c23cba15329957ff867471b8eef9c0b2174c40f61a6978d20a71f4c524d875",
                "sha256:87f0467e944101a7dcd674b43a33a10d4f58b61fffcb9ac0efd2453726fd0309",
                "sha256:8f22db458f3b682b1ed4a89e4f825cadbc278ce89b0915ed25d05b841630c86d",
                "sha256:95fbaac0639f1d29008d09fd5eb421a8dbc87e5e4e282729772250866a028c52",
                "sha256:96dce0fb50d4f9ae64fe289826904ea851fd7f5d30597296ca5fb0a69396c0be",
                "sha256:9fb4630ac7893fc97f69c8069577d90a84974f96d2dcdb2c067c0698f232c02d",
                "sha256:a31b82d1df4f34587f4c4be22165be00f0ec04e8818d8806169f28c0fd1adf11",
                "sha256:abc02cb2adbdad9c64f03b9e3195cb118a3a2239139757dbb88d5693cd113d54",
                "sha256:bcf7ecef9a5966facc3a3823ce2ca022d6289b3646860fc47260e55038e9d321",
                "sha256:c259e38812691512a0b11d96ffc81e9ad3c78cbb9e37d2faf19ad5ce18870e4b",
                "sha256:e781b3b33aef6e667725fcf4365d4422248e8eae9ea394006ace9d65e2c99ff8",
                "sha256:efdd2589aab15cbed8bbe8958552dc9a2ceeb178d138217bfa6db6012847b4ed",
                "sha256:f14109e4c3c5353cc1926e4a0b7a9fda74731e2ea98320701ab69e0b9787a424"
            ],
            "version": "==1.0"
        },
        "zope.interface": {
            "hashes": [
                "sha256:11b068fc9916556f3820f38c2376c28d8e55e4a2c51c34915aaac38b75706d2e",
                "sha256:16fe824b3d93ee0629aa1f04848a1b515d6b5dc9e98cc7a04feaa35fdb0de5f1",
                "sha256:1d954d557b63124a65f2247ac6ed66fa36df18d1e8538d08c9b432e808a634de",
                "sha256:3d033abd27cd54157cf42a3bfd4d8c28d7fc5c6f775df3332307d2632a79925b",
                "sha256:4be05f79e952793f31a0c2d6a0672c81a3300315da587ce6a590357595217005",
                "sha256:4cb1c56b0356da9a33249ef77a688c47107f54191c12a0055d284b6bee7f447e",
                "sha256:5a8cc535f4212b134e66a3e1c6b93b19d453dbad0e2f89d0df2c01deefc8cad9",
                "sha256:5d8813e438ab67a793b09e1223742b757dd95a4a64d466855a53cb113cc9c9c4",
                "sha256:78321a6c0c8cc6ac928e44ef04d50384bc864a7f5e3c25b84110da2ede83739f",
                "sha256:88e3d54e88a601f45d03e2a062d5d16852d20e0863a92c19260ae72e2586378a",
                "sha256:8dfdc1588db31895f81bcba6c36dc981b4cf4a526c62eae3745bbfbe102477ef",
                "sha256:9902d5fc11309e17cdce6574243dc114b9c30de5c60ab53c90f6e3e962688565",
                "sha256:a16a3e07511fb6806bb48c8c661d38cdb91cd4bc6c2b6b0b173e72362ec1ceb4",
                "sha256:a21d69de2ee89fc59de93e7a43c0379ecedb5149739ff94e910c2bf0ca18e181",
                "sha256:a6375035a4b45d199a8b990e3a2f6b71906c318c56dfc14b2d58350b6ca59392",
                "sha256:aef398a5b92e70b8152d2c4850bad0fe185adb50d948f32d0bba5694d82b67c7",
                "sha256:b8f3491c9df4f0ffed32b275033e74041f420e5dcdefa4b1500d753c64ef42cf",
                "sha256:bd626cd76b7e5cbecac9d3e0dd8f98e3eada15ead95713238a523f877327633d",
                "sha256:d6d26d5dfbfd60c65152938fcb82f949e8dada37c041f72916fef6621ba5c5ce",
                "sha256:dec19181cf6af58ccb8ba3fa3ca9d4ec555b2f3cb31f589f6e86d15df0926c31",
                "sha256:f47d4138405eb67e5f059b9ab74e0a1147adc3277f5fe37d5bae5209b67e89e7",
                "sha256:f6868378fffbb8651f1f8a767d17e42aed39926c8f6bb9c56f184022fe6c2090",
                "sha256:ff20038fbc0e7ea050a7e28fcb8ae6ed8378a8d08ac70b848ea39960dda86bbf"
            ],
            "version": "==4.4.3"
        }
    },
    "develop": {}
}
